// !$*UTF8*$!
{
	archiveVersion = 1;
	classes = {
	};
	objectVersion = 48;
	objects = {

/* Begin PBXBuildFile section */
		81F25D9F215CDB9700BB0C3B /* AppDelegate.swift in Sources */ = {isa = PBXBuildFile; fileRef = 81F25D9E215CDB9700BB0C3B /* AppDelegate.swift */; };
		81F25DA4215CDB9700BB0C3B /* Main.storyboard in Resources */ = {isa = PBXBuildFile; fileRef = 81F25DA2215CDB9700BB0C3B /* Main.storyboard */; };
		81F25DA6215CDB9700BB0C3B /* Assets.xcassets in Resources */ = {isa = PBXBuildFile; fileRef = 81F25DA5215CDB9700BB0C3B /* Assets.xcassets */; };
		81F25DA9215CDB9700BB0C3B /* LaunchScreen.storyboard in Resources */ = {isa = PBXBuildFile; fileRef = 81F25DA7215CDB9700BB0C3B /* LaunchScreen.storyboard */; };
		81F25DBD215CDBE200BB0C3B /* CHSupport.swift in Sources */ = {isa = PBXBuildFile; fileRef = 81F25DBB215CDBE200BB0C3B /* CHSupport.swift */; };
		81F25DBE215CDBE200BB0C3B /* CHNetwork.swift in Sources */ = {isa = PBXBuildFile; fileRef = 81F25DBC215CDBE200BB0C3B /* CHNetwork.swift */; };
		81F25DC0215CDC0200BB0C3B /* ViewController.swift in Sources */ = {isa = PBXBuildFile; fileRef = 81F25DBF215CDC0200BB0C3B /* ViewController.swift */; };
		81F25DC1215CDC4400BB0C3B /* Arialloader.gif in Resources */ = {isa = PBXBuildFile; fileRef = 81F25DB2215CDBD000BB0C3B /* Arialloader.gif */; };
		81F25DC2215CDC4700BB0C3B /* CHLoader.swift in Sources */ = {isa = PBXBuildFile; fileRef = 81F25DB7215CDBD100BB0C3B /* CHLoader.swift */; };
		81F25DC3215CDC4900BB0C3B /* Cloader.gif in Resources */ = {isa = PBXBuildFile; fileRef = 81F25DB8215CDBD100BB0C3B /* Cloader.gif */; };
		81F25DC4215CDC4C00BB0C3B /* Default.gif in Resources */ = {isa = PBXBuildFile; fileRef = 81F25DB3215CDBD000BB0C3B /* Default.gif */; };
		81F25DC5215CDC4F00BB0C3B /* Flightloader.gif in Resources */ = {isa = PBXBuildFile; fileRef = 81F25DB9215CDBD100BB0C3B /* Flightloader.gif */; };
		81F25DC6215CDC5200BB0C3B /* Floader.gif in Resources */ = {isa = PBXBuildFile; fileRef = 81F25DBA215CDBD100BB0C3B /* Floader.gif */; };
		81F25DC7215CDC5400BB0C3B /* Nloader.gif in Resources */ = {isa = PBXBuildFile; fileRef = 81F25DB5215CDBD000BB0C3B /* Nloader.gif */; };
		81F25DC8215CDC5700BB0C3B /* Rloader.gif in Resources */ = {isa = PBXBuildFile; fileRef = 81F25DB6215CDBD000BB0C3B /* Rloader.gif */; };
		81F25DC9215CDC5A00BB0C3B /* SLoader.gif in Resources */ = {isa = PBXBuildFile; fileRef = 81F25DB4215CDBD000BB0C3B /* SLoader.gif */; };
/* End PBXBuildFile section */

/* Begin PBXFileReference section */
		81F25D9B215CDB9700BB0C3B /* CHNetwork.app */ = {isa = PBXFileReference; explicitFileType = wrapper.application; includeInIndex = 0; path = CHNetwork.app; sourceTree = BUILT_PRODUCTS_DIR; };
		81F25D9E215CDB9700BB0C3B /* AppDelegate.swift */ = {isa = PBXFileReference; lastKnownFileType = sourcecode.swift; path = AppDelegate.swift; sourceTree = "<group>"; };
		81F25DA3215CDB9700BB0C3B /* Base */ = {isa = PBXFileReference; lastKnownFileType = file.storyboard; name = Base; path = Base.lproj/Main.storyboard; sourceTree = "<group>"; };
		81F25DA5215CDB9700BB0C3B /* Assets.xcassets */ = {isa = PBXFileReference; lastKnownFileType = folder.assetcatalog; path = Assets.xcassets; sourceTree = "<group>"; };
		81F25DA8215CDB9700BB0C3B /* Base */ = {isa = PBXFileReference; lastKnownFileType = file.storyboard; name = Base; path = Base.lproj/LaunchScreen.storyboard; sourceTree = "<group>"; };
		81F25DAA215CDB9700BB0C3B /* Info.plist */ = {isa = PBXFileReference; lastKnownFileType = text.plist.xml; path = Info.plist; sourceTree = "<group>"; };
		81F25DB2215CDBD000BB0C3B /* Arialloader.gif */ = {isa = PBXFileReference; lastKnownFileType = image.gif; path = Arialloader.gif; sourceTree = "<group>"; };
		81F25DB3215CDBD000BB0C3B /* Default.gif */ = {isa = PBXFileReference; lastKnownFileType = image.gif; path = Default.gif; sourceTree = "<group>"; };
		81F25DB4215CDBD000BB0C3B /* SLoader.gif */ = {isa = PBXFileReference; lastKnownFileType = image.gif; path = SLoader.gif; sourceTree = "<group>"; };
		81F25DB5215CDBD000BB0C3B /* Nloader.gif */ = {isa = PBXFileReference; lastKnownFileType = image.gif; path = Nloader.gif; sourceTree = "<group>"; };
		81F25DB6215CDBD000BB0C3B /* Rloader.gif */ = {isa = PBXFileReference; lastKnownFileType = image.gif; path = Rloader.gif; sourceTree = "<group>"; };
		81F25DB7215CDBD100BB0C3B /* CHLoader.swift */ = {isa = PBXFileReference; lastKnownFileType = sourcecode.swift; path = CHLoader.swift; sourceTree = "<group>"; };
		81F25DB8215CDBD100BB0C3B /* Cloader.gif */ = {isa = PBXFileReference; lastKnownFileType = image.gif; path = Cloader.gif; sourceTree = "<group>"; };
		81F25DB9215CDBD100BB0C3B /* Flightloader.gif */ = {isa = PBXFileReference; lastKnownFileType = image.gif; path = Flightloader.gif; sourceTree = "<group>"; };
		81F25DBA215CDBD100BB0C3B /* Floader.gif */ = {isa = PBXFileReference; lastKnownFileType = image.gif; path = Floader.gif; sourceTree = "<group>"; };
		81F25DBB215CDBE200BB0C3B /* CHSupport.swift */ = {isa = PBXFileReference; lastKnownFileType = sourcecode.swift; path = CHSupport.swift; sourceTree = "<group>"; };
		81F25DBC215CDBE200BB0C3B /* CHNetwork.swift */ = {isa = PBXFileReference; lastKnownFileType = sourcecode.swift; path = CHNetwork.swift; sourceTree = "<group>"; };
		81F25DBF215CDC0200BB0C3B /* ViewController.swift */ = {isa = PBXFileReference; lastKnownFileType = sourcecode.swift; path = ViewController.swift; sourceTree = "<group>"; };
/* End PBXFileReference section */

/* Begin PBXFrameworksBuildPhase section */
		81F25D98215CDB9700BB0C3B /* Frameworks */ = {
			isa = PBXFrameworksBuildPhase;
			buildActionMask = 2147483647;
			files = (
			);
			runOnlyForDeploymentPostprocessing = 0;
		};
/* End PBXFrameworksBuildPhase section */

/* Begin PBXGroup section */
		81F25D92215CDB9600BB0C3B = {
			isa = PBXGroup;
			children = (
				81F25D9D215CDB9700BB0C3B /* CHNetwork */,
				81F25D9C215CDB9700BB0C3B /* Products */,
			);
			sourceTree = "<group>";
		};
		81F25D9C215CDB9700BB0C3B /* Products */ = {
			isa = PBXGroup;
			children = (
				81F25D9B215CDB9700BB0C3B /* CHNetwork.app */,
			);
			name = Products;
			sourceTree = "<group>";
		};
		81F25D9D215CDB9700BB0C3B /* CHNetwork */ = {
			isa = PBXGroup;
			children = (
				81F25DB0215CDBA700BB0C3B /* Library Files */,
				81F25D9E215CDB9700BB0C3B /* AppDelegate.swift */,
				81F25DBF215CDC0200BB0C3B /* ViewController.swift */,
				81F25DA2215CDB9700BB0C3B /* Main.storyboard */,
				81F25DA5215CDB9700BB0C3B /* Assets.xcassets */,
				81F25DA7215CDB9700BB0C3B /* LaunchScreen.storyboard */,
				81F25DAA215CDB9700BB0C3B /* Info.plist */,
			);
			path = CHNetwork;
			sourceTree = "<group>";
		};
		81F25DB0215CDBA700BB0C3B /* Library Files */ = {
			isa = PBXGroup;
			children = (
				81F25DCA215CDEDE00BB0C3B /* netwrok */,
				81F25DB1215CDBBB00BB0C3B /* resource */,
			);
			path = "Library Files";
			sourceTree = "<group>";
		};
		81F25DB1215CDBBB00BB0C3B /* resource */ = {
			isa = PBXGroup;
			children = (
				81F25DB2215CDBD000BB0C3B /* Arialloader.gif */,
				81F25DB8215CDBD100BB0C3B /* Cloader.gif */,
				81F25DB3215CDBD000BB0C3B /* Default.gif */,
				81F25DB9215CDBD100BB0C3B /* Flightloader.gif */,
				81F25DBA215CDBD100BB0C3B /* Floader.gif */,
				81F25DB5215CDBD000BB0C3B /* Nloader.gif */,
				81F25DB6215CDBD000BB0C3B /* Rloader.gif */,
				81F25DB4215CDBD000BB0C3B /* SLoader.gif */,
			);
			path = resource;
			sourceTree = "<group>";
		};
		81F25DCA215CDEDE00BB0C3B /* netwrok */ = {
			isa = PBXGroup;
			children = (
				81F25DBC215CDBE200BB0C3B /* CHNetwork.swift */,
				81F25DBB215CDBE200BB0C3B /* CHSupport.swift */,
				81F25DB7215CDBD100BB0C3B /* CHLoader.swift */,
			);
			path = netwrok;
			sourceTree = "<group>";
		};
/* End PBXGroup section */

/* Begin PBXNativeTarget section */
		81F25D9A215CDB9700BB0C3B /* CHNetwork */ = {
			isa = PBXNativeTarget;
			buildConfigurationList = 81F25DAD215CDB9700BB0C3B /* Build configuration list for PBXNativeTarget "CHNetwork" */;
			buildPhases = (
				81F25D97215CDB9700BB0C3B /* Sources */,
				81F25D98215CDB9700BB0C3B /* Frameworks */,
				81F25D99215CDB9700BB0C3B /* Resources */,
			);
			buildRules = (
			);
			dependencies = (
			);
			name = CHNetwork;
			productName = CHNetwork;
			productReference = 81F25D9B215CDB9700BB0C3B /* CHNetwork.app */;
			productType = "com.apple.product-type.application";
		};
/* End PBXNativeTarget section */

/* Begin PBXProject section */
		81F25D93215CDB9600BB0C3B /* Project object */ = {
			isa = PBXProject;
			attributes = {
				LastSwiftUpdateCheck = 0900;
				LastUpgradeCheck = 0900;
				ORGANIZATIONNAME = "Ragaie alfy";
				TargetAttributes = {
					81F25D9A215CDB9700BB0C3B = {
						CreatedOnToolsVersion = 9.0;
						ProvisioningStyle = Automatic;
					};
				};
			};
			buildConfigurationList = 81F25D96215CDB9600BB0C3B /* Build configuration list for PBXProject "CHNetwork" */;
			compatibilityVersion = "Xcode 8.0";
			developmentRegion = en;
			hasScannedForEncodings = 0;
			knownRegions = (
				en,
				Base,
			);
			mainGroup = 81F25D92215CDB9600BB0C3B;
			productRefGroup = 81F25D9C215CDB9700BB0C3B /* Products */;
			projectDirPath = "";
			projectRoot = "";
			targets = (
				81F25D9A215CDB9700BB0C3B /* CHNetwork */,
			);
		};
/* End PBXProject section */

/* Begin PBXResourcesBuildPhase section */
		81F25D99215CDB9700BB0C3B /* Resources */ = {
			isa = PBXResourcesBuildPhase;
			buildActionMask = 2147483647;
			files = (
				81F25DA9215CDB9700BB0C3B /* LaunchScreen.storyboard in Resources */,
				81F25DA6215CDB9700BB0C3B /* Assets.xcassets in Resources */,
				81F25DA4215CDB9700BB0C3B /* Main.storyboard in Resources */,
				81F25DC7215CDC5400BB0C3B /* Nloader.gif in Resources */,
				81F25DC5215CDC4F00BB0C3B /* Flightloader.gif in Resources */,
				81F25DC6215CDC5200BB0C3B /* Floader.gif in Resources */,
				81F25DC8215CDC5700BB0C3B /* Rloader.gif in Resources */,
				81F25DC1215CDC4400BB0C3B /* Arialloader.gif in Resources */,
				81F25DC4215CDC4C00BB0C3B /* Default.gif in Resources */,
				81F25DC9215CDC5A00BB0C3B /* SLoader.gif in Resources */,
				81F25DC3215CDC4900BB0C3B /* Cloader.gif in Resources */,
			);
			runOnlyForDeploymentPostprocessing = 0;
		};
/* End PBXResourcesBuildPhase section */

/* Begin PBXSourcesBuildPhase section */
		81F25D97215CDB9700BB0C3B /* Sources */ = {
			isa = PBXSourcesBuildPhase;
			buildActionMask = 2147483647;
			files = (
				81F25DBD215CDBE200BB0C3B /* CHSupport.swift in Sources */,
				81F25D9F215CDB9700BB0C3B /* AppDelegate.swift in Sources */,
				81F25DC0215CDC0200BB0C3B /* ViewController.swift in Sources */,
				81F25DC2215CDC4700BB0C3B /* CHLoader.swift in Sources */,
				81F25DBE215CDBE200BB0C3B /* CHNetwork.swift in Sources */,
			);
			runOnlyForDeploymentPostprocessing = 0;
		};
/* End PBXSourcesBuildPhase section */

/* Begin PBXVariantGroup section */
		81F25DA2215CDB9700BB0C3B /* Main.storyboard */ = {
			isa = PBXVariantGroup;
			children = (
				81F25DA3215CDB9700BB0C3B /* Base */,
			);
			name = Main.storyboard;
			sourceTree = "<group>";
		};
		81F25DA7215CDB9700BB0C3B /* LaunchScreen.storyboard */ = {
			isa = PBXVariantGroup;
			children = (
				81F25DA8215CDB9700BB0C3B /* Base */,
			);
			name = LaunchScreen.storyboard;
			sourceTree = "<group>";
		};
/* End PBXVariantGroup section */

/* Begin XCBuildConfiguration section */
		81F25DAB215CDB9700BB0C3B /* Debug */ = {
			isa = XCBuildConfiguration;
			buildSettings = {
				ALWAYS_SEARCH_USER_PATHS = NO;
				CLANG_ANALYZER_NONNULL = YES;
				CLANG_ANALYZER_NUMBER_OBJECT_CONVERSION = YES_AGGRESSIVE;
				CLANG_CXX_LANGUAGE_STANDARD = "gnu++14";
				CLANG_CXX_LIBRARY = "libc++";
				CLANG_ENABLE_MODULES = YES;
				CLANG_ENABLE_OBJC_ARC = YES;
				CLANG_WARN_BLOCK_CAPTURE_AUTORELEASING = YES;
				CLANG_WARN_BOOL_CONVERSION = YES;
				CLANG_WARN_COMMA = YES;
				CLANG_WARN_CONSTANT_CONVERSION = YES;
				CLANG_WARN_DIRECT_OBJC_ISA_USAGE = YES_ERROR;
				CLANG_WARN_DOCUMENTATION_COMMENTS = YES;
				CLANG_WARN_EMPTY_BODY = YES;
				CLANG_WARN_ENUM_CONVERSION = YES;
				CLANG_WARN_INFINITE_RECURSION = YES;
				CLANG_WARN_INT_CONVERSION = YES;
				CLANG_WARN_NON_LITERAL_NULL_CONVERSION = YES;
				CLANG_WARN_OBJC_LITERAL_CONVERSION = YES;
				CLANG_WARN_OBJC_ROOT_CLASS = YES_ERROR;
				CLANG_WARN_RANGE_LOOP_ANALYSIS = YES;
				CLANG_WARN_STRICT_PROTOTYPES = YES;
				CLANG_WARN_SUSPICIOUS_MOVE = YES;
				CLANG_WARN_UNGUARDED_AVAILABILITY = YES_AGGRESSIVE;
				CLANG_WARN_UNREACHABLE_CODE = YES;
				CLANG_WARN__DUPLICATE_METHOD_MATCH = YES;
				CODE_SIGN_IDENTITY = "iPhone Developer";
				COPY_PHASE_STRIP = NO;
				DEBUG_INFORMATION_FORMAT = dwarf;
				ENABLE_STRICT_OBJC_MSGSEND = YES;
				ENABLE_TESTABILITY = YES;
				GCC_C_LANGUAGE_STANDARD = gnu11;
				GCC_DYNAMIC_NO_PIC = NO;
				GCC_NO_COMMON_BLOCKS = YES;
				GCC_OPTIMIZATION_LEVEL = 0;
				GCC_PREPROCESSOR_DEFINITIONS = (
					"DEBUG=1",
					"$(inherited)",
				);
				GCC_WARN_64_TO_32_BIT_CONVERSION = YES;
				GCC_WARN_ABOUT_RETURN_TYPE = YES_ERROR;
				GCC_WARN_UNDECLARED_SELECTOR = YES;
				GCC_WARN_UNINITIALIZED_AUTOS = YES_AGGRESSIVE;
				GCC_WARN_UNUSED_FUNCTION = YES;
				GCC_WARN_UNUSED_VARIABLE = YES;
				IPHONEOS_DEPLOYMENT_TARGET = 11.0;
				MTL_ENABLE_DEBUG_INFO = YES;
				ONLY_ACTIVE_ARCH = YES;
				SDKROOT = iphoneos;
				SWIFT_ACTIVE_COMPILATION_CONDITIONS = DEBUG;
				SWIFT_OPTIMIZATION_LEVEL = "-Onone";
			};
			name = Debug;
		};
		81F25DAC215CDB9700BB0C3B /* Release */ = {
			isa = XCBuildConfiguration;
			buildSettings = {
				ALWAYS_SEARCH_USER_PATHS = NO;
				CLANG_ANALYZER_NONNULL = YES;
				CLANG_ANALYZER_NUMBER_OBJECT_CONVERSION = YES_AGGRESSIVE;
				CLANG_CXX_LANGUAGE_STANDARD = "gnu++14";
				CLANG_CXX_LIBRARY = "libc++";
				CLANG_ENABLE_MODULES = YES;
				CLANG_ENABLE_OBJC_ARC = YES;
				CLANG_WARN_BLOCK_CAPTURE_AUTORELEASING = YES;
				CLANG_WARN_BOOL_CONVERSION = YES;
				CLANG_WARN_COMMA = YES;
				CLANG_WARN_CONSTANT_CONVERSION = YES;
				CLANG_WARN_DIRECT_OBJC_ISA_USAGE = YES_ERROR;
				CLANG_WARN_DOCUMENTATION_COMMENTS = YES;
				CLANG_WARN_EMPTY_BODY = YES;
				CLANG_WARN_ENUM_CONVERSION = YES;
				CLANG_WARN_INFINITE_RECURSION = YES;
				CLANG_WARN_INT_CONVERSION = YES;
				CLANG_WARN_NON_LITERAL_NULL_CONVERSION = YES;
				CLANG_WARN_OBJC_LITERAL_CONVERSION = YES;
				CLANG_WARN_OBJC_ROOT_CLASS = YES_ERROR;
				CLANG_WARN_RANGE_LOOP_ANALYSIS = YES;
				CLANG_WARN_STRICT_PROTOTYPES = YES;
				CLANG_WARN_SUSPICIOUS_MOVE = YES;
				CLANG_WARN_UNGUARDED_AVAILABILITY = YES_AGGRESSIVE;
				CLANG_WARN_UNREACHABLE_CODE = YES;
				CLANG_WARN__DUPLICATE_METHOD_MATCH = YES;
				CODE_SIGN_IDENTITY = "iPhone Developer";
				COPY_PHASE_STRIP = NO;
				DEBUG_INFORMATION_FORMAT = "dwarf-with-dsym";
				ENABLE_NS_ASSERTIONS = NO;
				ENABLE_STRICT_OBJC_MSGSEND = YES;
				GCC_C_LANGUAGE_STANDARD = gnu11;
				GCC_NO_COMMON_BLOCKS = YES;
				GCC_WARN_64_TO_32_BIT_CONVERSION = YES;
				GCC_WARN_ABOUT_RETURN_TYPE = YES_ERROR;
				GCC_WARN_UNDECLARED_SELECTOR = YES;
				GCC_WARN_UNINITIALIZED_AUTOS = YES_AGGRESSIVE;
				GCC_WARN_UNUSED_FUNCTION = YES;
				GCC_WARN_UNUSED_VARIABLE = YES;
				IPHONEOS_DEPLOYMENT_TARGET = 11.0;
				MTL_ENABLE_DEBUG_INFO = NO;
				SDKROOT = iphoneos;
				SWIFT_OPTIMIZATION_LEVEL = "-Owholemodule";
				VALIDATE_PRODUCT = YES;
			};
			name = Release;
		};
		81F25DAE215CDB9700BB0C3B /* Debug */ = {
			isa = XCBuildConfiguration;
			buildSettings = {
				ASSETCATALOG_COMPILER_APPICON_NAME = AppIcon;
				CODE_SIGN_STYLE = Automatic;
				INFOPLIST_FILE = CHNetwork/Info.plist;
				LD_RUNPATH_SEARCH_PATHS = "$(inherited) @executable_path/Frameworks";
				PRODUCT_BUNDLE_IDENTIFIER = CHTAR.CHNetwork;
				PRODUCT_NAME = "$(TARGET_NAME)";
				SWIFT_VERSION = 4.0;
				TARGETED_DEVICE_FAMILY = "1,2";
			};
			name = Debug;
		};
		81F25DAF215CDB9700BB0C3B /* Release */ = {
			isa = XCBuildConfiguration;
			buildSettings = {
				ASSETCATALOG_COMPILER_APPICON_NAME = AppIcon;
				CODE_SIGN_STYLE = Automatic;
				INFOPLIST_FILE = CHNetwork/Info.plist;
				LD_RUNPATH_SEARCH_PATHS = "$(inherited) @executable_path/Frameworks";
				PRODUCT_BUNDLE_IDENTIFIER = CHTAR.CHNetwork;
				PRODUCT_NAME = "$(TARGET_NAME)";
				SWIFT_VERSION = 4.0;
				TARGETED_DEVICE_FAMILY = "1,2";
			};
			name = Release;
		};
/* End XCBuildConfiguration section */

/* Begin XCConfigurationList section */
		81F25D96215CDB9600BB0C3B /* Build configuration list for PBXProject "CHNetwork" */ = {
			isa = XCConfigurationList;
			buildConfigurations = (
				81F25DAB215CDB9700BB0C3B /* Debug */,
				81F25DAC215CDB9700BB0C3B /* Release */,
			);
			defaultConfigurationIsVisible = 0;
			defaultConfigurationName = Release;
		};
		81F25DAD215CDB9700BB0C3B /* Build configuration list for PBXNativeTarget "CHNetwork" */ = {
			isa = XCConfigurationList;
			buildConfigurations = (
				81F25DAE215CDB9700BB0C3B /* Debug */,
				81F25DAF215CDB9700BB0C3B /* Release */,
			);
			defaultConfigurationIsVisible = 0;
			defaultConfigurationName = Release;
		};
/* End XCConfigurationList section */
	};
	rootObject = 81F25D93215CDB9600BB0C3B /* Project object */;
}
